// !$*UTF8*$!
{
	archiveVersion = 1;
	classes = {
	};
	objectVersion = 56;
	objects = {

/* Begin PBXBuildFile section */
		358C570C2BDFDD4400F2EFAC /* carRacingApp.swift in Sources */ = {isa = PBXBuildFile; fileRef = 358C570B2BDFDD4400F2EFAC /* carRacingApp.swift */; };
		358C570E2BDFDD4400F2EFAC /* ContentView.swift in Sources */ = {isa = PBXBuildFile; fileRef = 358C570D2BDFDD4400F2EFAC /* ContentView.swift */; };
		358C57102BDFDD4500F2EFAC /* Assets.xcassets in Resources */ = {isa = PBXBuildFile; fileRef = 358C570F2BDFDD4500F2EFAC /* Assets.xcassets */; };
		358C57132BDFDD4500F2EFAC /* Preview Assets.xcassets in Resources */ = {isa = PBXBuildFile; fileRef = 358C57122BDFDD4500F2EFAC /* Preview Assets.xcassets */; };
		358C571D2BDFDD4500F2EFAC /* carRacingTests.swift in Sources */ = {isa = PBXBuildFile; fileRef = 358C571C2BDFDD4500F2EFAC /* carRacingTests.swift */; };
		358C57272BDFDD4500F2EFAC /* carRacingUITests.swift in Sources */ = {isa = PBXBuildFile; fileRef = 358C57262BDFDD4500F2EFAC /* carRacingUITests.swift */; };
		358C57292BDFDD4500F2EFAC /* carRacingUITestsLaunchTests.swift in Sources */ = {isa = PBXBuildFile; fileRef = 358C57282BDFDD4500F2EFAC /* carRacingUITestsLaunchTests.swift */; };
		358C57362BDFE44A00F2EFAC /* licenseView.swift in Sources */ = {isa = PBXBuildFile; fileRef = 358C57352BDFE44A00F2EFAC /* licenseView.swift */; };
		358C573B2BE0148E00F2EFAC /* garageView.swift in Sources */ = {isa = PBXBuildFile; fileRef = 358C573A2BE0148E00F2EFAC /* garageView.swift */; };
		358C573D2BE01DF800F2EFAC /* raceView.swift in Sources */ = {isa = PBXBuildFile; fileRef = 358C573C2BE01DF800F2EFAC /* raceView.swift */; };
		358C573F2BE024DA00F2EFAC /* assetsModel.swift in Sources */ = {isa = PBXBuildFile; fileRef = 358C573E2BE024DA00F2EFAC /* assetsModel.swift */; };
		358C57422BE0285700F2EFAC /* cardView.swift in Sources */ = {isa = PBXBuildFile; fileRef = 358C57412BE0285700F2EFAC /* cardView.swift */; };
/* End PBXBuildFile section */

/* Begin PBXContainerItemProxy section */
		358C57192BDFDD4500F2EFAC /* PBXContainerItemProxy */ = {
			isa = PBXContainerItemProxy;
			containerPortal = 358C57002BDFDD4400F2EFAC /* Project object */;
			proxyType = 1;
			remoteGlobalIDString = 358C57072BDFDD4400F2EFAC;
			remoteInfo = carRacing;
		};
		358C57232BDFDD4500F2EFAC /* PBXContainerItemProxy */ = {
			isa = PBXContainerItemProxy;
			containerPortal = 358C57002BDFDD4400F2EFAC /* Project object */;
			proxyType = 1;
			remoteGlobalIDString = 358C57072BDFDD4400F2EFAC;
			remoteInfo = carRacing;
		};
/* End PBXContainerItemProxy section */

/* Begin PBXFileReference section */
		358C57082BDFDD4400F2EFAC /* carRacing.app */ = {isa = PBXFileReference; explicitFileType = wrapper.application; includeInIndex = 0; path = carRacing.app; sourceTree = BUILT_PRODUCTS_DIR; };
		358C570B2BDFDD4400F2EFAC /* carRacingApp.swift */ = {isa = PBXFileReference; lastKnownFileType = sourcecode.swift; path = carRacingApp.swift; sourceTree = "<group>"; };
		358C570D2BDFDD4400F2EFAC /* ContentView.swift */ = {isa = PBXFileReference; lastKnownFileType = sourcecode.swift; path = ContentView.swift; sourceTree = "<group>"; };
		358C570F2BDFDD4500F2EFAC /* Assets.xcassets */ = {isa = PBXFileReference; lastKnownFileType = folder.assetcatalog; path = Assets.xcassets; sourceTree = "<group>"; };
		358C57122BDFDD4500F2EFAC /* Preview Assets.xcassets */ = {isa = PBXFileReference; lastKnownFileType = folder.assetcatalog; path = "Preview Assets.xcassets"; sourceTree = "<group>"; };
		358C57182BDFDD4500F2EFAC /* carRacingTests.xctest */ = {isa = PBXFileReference; explicitFileType = wrapper.cfbundle; includeInIndex = 0; path = carRacingTests.xctest; sourceTree = BUILT_PRODUCTS_DIR; };
		358C571C2BDFDD4500F2EFAC /* carRacingTests.swift */ = {isa = PBXFileReference; lastKnownFileType = sourcecode.swift; path = carRacingTests.swift; sourceTree = "<group>"; };
		358C57222BDFDD4500F2EFAC /* carRacingUITests.xctest */ = {isa = PBXFileReference; explicitFileType = wrapper.cfbundle; includeInIndex = 0; path = carRacingUITests.xctest; sourceTree = BUILT_PRODUCTS_DIR; };
		358C57262BDFDD4500F2EFAC /* carRacingUITests.swift */ = {isa = PBXFileReference; lastKnownFileType = sourcecode.swift; path = carRacingUITests.swift; sourceTree = "<group>"; };
		358C57282BDFDD4500F2EFAC /* carRacingUITestsLaunchTests.swift */ = {isa = PBXFileReference; lastKnownFileType = sourcecode.swift; path = carRacingUITestsLaunchTests.swift; sourceTree = "<group>"; };
		358C57352BDFE44A00F2EFAC /* licenseView.swift */ = {isa = PBXFileReference; lastKnownFileType = sourcecode.swift; path = licenseView.swift; sourceTree = "<group>"; };
		358C573A2BE0148E00F2EFAC /* garageView.swift */ = {isa = PBXFileReference; lastKnownFileType = sourcecode.swift; path = garageView.swift; sourceTree = "<group>"; };
		358C573C2BE01DF800F2EFAC /* raceView.swift */ = {isa = PBXFileReference; lastKnownFileType = sourcecode.swift; path = raceView.swift; sourceTree = "<group>"; };
		358C573E2BE024DA00F2EFAC /* assetsModel.swift */ = {isa = PBXFileReference; lastKnownFileType = sourcecode.swift; path = assetsModel.swift; sourceTree = "<group>"; };
		358C57412BE0285700F2EFAC /* cardView.swift */ = {isa = PBXFileReference; lastKnownFileType = sourcecode.swift; path = cardView.swift; sourceTree = "<group>"; };
/* End PBXFileReference section */

/* Begin PBXFrameworksBuildPhase section */
		358C57052BDFDD4400F2EFAC /* Frameworks */ = {
			isa = PBXFrameworksBuildPhase;
			buildActionMask = 2147483647;
			files = (
			);
			runOnlyForDeploymentPostprocessing = 0;
		};
		358C57152BDFDD4500F2EFAC /* Frameworks */ = {
			isa = PBXFrameworksBuildPhase;
			buildActionMask = 2147483647;
			files = (
			);
			runOnlyForDeploymentPostprocessing = 0;
		};
		358C571F2BDFDD4500F2EFAC /* Frameworks */ = {
			isa = PBXFrameworksBuildPhase;
			buildActionMask = 2147483647;
			files = (
			);
			runOnlyForDeploymentPostprocessing = 0;
		};
/* End PBXFrameworksBuildPhase section */

/* Begin PBXGroup section */
		358C56FF2BDFDD4400F2EFAC = {
			isa = PBXGroup;
			children = (
				358C570A2BDFDD4400F2EFAC /* carRacing */,
				358C571B2BDFDD4500F2EFAC /* carRacingTests */,
				358C57252BDFDD4500F2EFAC /* carRacingUITests */,
				358C57092BDFDD4400F2EFAC /* Products */,
			);
			sourceTree = "<group>";
		};
		358C57092BDFDD4400F2EFAC /* Products */ = {
			isa = PBXGroup;
			children = (
				358C57082BDFDD4400F2EFAC /* carRacing.app */,
				358C57182BDFDD4500F2EFAC /* carRacingTests.xctest */,
				358C57222BDFDD4500F2EFAC /* carRacingUITests.xctest */,
			);
			name = Products;
			sourceTree = "<group>";
		};
		358C570A2BDFDD4400F2EFAC /* carRacing */ = {
			isa = PBXGroup;
			children = (
				358C570B2BDFDD4400F2EFAC /* carRacingApp.swift */,
				358C570D2BDFDD4400F2EFAC /* ContentView.swift */,
				358C573A2BE0148E00F2EFAC /* garageView.swift */,
				358C57412BE0285700F2EFAC /* cardView.swift */,
				358C573C2BE01DF800F2EFAC /* raceView.swift */,
				358C57352BDFE44A00F2EFAC /* licenseView.swift */,
				358C57402BE0265A00F2EFAC /* Model */,
				358C570F2BDFDD4500F2EFAC /* Assets.xcassets */,
				358C57112BDFDD4500F2EFAC /* Preview Content */,
			);
			path = carRacing;
			sourceTree = "<group>";
		};
		358C57112BDFDD4500F2EFAC /* Preview Content */ = {
			isa = PBXGroup;
			children = (
				358C57122BDFDD4500F2EFAC /* Preview Assets.xcassets */,
			);
			path = "Preview Content";
			sourceTree = "<group>";
		};
		358C571B2BDFDD4500F2EFAC /* carRacingTests */ = {
			isa = PBXGroup;
			children = (
				358C571C2BDFDD4500F2EFAC /* carRacingTests.swift */,
			);
			path = carRacingTests;
			sourceTree = "<group>";
		};
		358C57252BDFDD4500F2EFAC /* carRacingUITests */ = {
			isa = PBXGroup;
			children = (
				358C57262BDFDD4500F2EFAC /* carRacingUITests.swift */,
				358C57282BDFDD4500F2EFAC /* carRacingUITestsLaunchTests.swift */,
			);
			path = carRacingUITests;
			sourceTree = "<group>";
		};
		358C57402BE0265A00F2EFAC /* Model */ = {
			isa = PBXGroup;
			children = (
				358C573E2BE024DA00F2EFAC /* assetsModel.swift */,
			);
			path = Model;
			sourceTree = "<group>";
		};
/* End PBXGroup section */

/* Begin PBXNativeTarget section */
		358C57072BDFDD4400F2EFAC /* carRacing */ = {
			isa = PBXNativeTarget;
			buildConfigurationList = 358C572C2BDFDD4500F2EFAC /* Build configuration list for PBXNativeTarget "carRacing" */;
			buildPhases = (
				358C57042BDFDD4400F2EFAC /* Sources */,
				358C57052BDFDD4400F2EFAC /* Frameworks */,
				358C57062BDFDD4400F2EFAC /* Resources */,
			);
			buildRules = (
			);
			dependencies = (
			);
			name = carRacing;
			productName = carRacing;
			productReference = 358C57082BDFDD4400F2EFAC /* carRacing.app */;
			productType = "com.apple.product-type.application";
		};
		358C57172BDFDD4500F2EFAC /* carRacingTests */ = {
			isa = PBXNativeTarget;
			buildConfigurationList = 358C572F2BDFDD4500F2EFAC /* Build configuration list for PBXNativeTarget "carRacingTests" */;
			buildPhases = (
				358C57142BDFDD4500F2EFAC /* Sources */,
				358C57152BDFDD4500F2EFAC /* Frameworks */,
				358C57162BDFDD4500F2EFAC /* Resources */,
			);
			buildRules = (
			);
			dependencies = (
				358C571A2BDFDD4500F2EFAC /* PBXTargetDependency */,
			);
			name = carRacingTests;
			productName = carRacingTests;
			productReference = 358C57182BDFDD4500F2EFAC /* carRacingTests.xctest */;
			productType = "com.apple.product-type.bundle.unit-test";
		};
		358C57212BDFDD4500F2EFAC /* carRacingUITests */ = {
			isa = PBXNativeTarget;
			buildConfigurationList = 358C57322BDFDD4500F2EFAC /* Build configuration list for PBXNativeTarget "carRacingUITests" */;
			buildPhases = (
				358C571E2BDFDD4500F2EFAC /* Sources */,
				358C571F2BDFDD4500F2EFAC /* Frameworks */,
				358C57202BDFDD4500F2EFAC /* Resources */,
			);
			buildRules = (
			);
			dependencies = (
				358C57242BDFDD4500F2EFAC /* PBXTargetDependency */,
			);
			name = carRacingUITests;
			productName = carRacingUITests;
			productReference = 358C57222BDFDD4500F2EFAC /* carRacingUITests.xctest */;
			productType = "com.apple.product-type.bundle.ui-testing";
		};
/* End PBXNativeTarget section */

/* Begin PBXProject section */
		358C57002BDFDD4400F2EFAC /* Project object */ = {
			isa = PBXProject;
			attributes = {
				BuildIndependentTargetsInParallel = 1;
				LastSwiftUpdateCheck = 1530;
				LastUpgradeCheck = 1530;
				TargetAttributes = {
					358C57072BDFDD4400F2EFAC = {
						CreatedOnToolsVersion = 15.3;
					};
					358C57172BDFDD4500F2EFAC = {
						CreatedOnToolsVersion = 15.3;
						TestTargetID = 358C57072BDFDD4400F2EFAC;
					};
					358C57212BDFDD4500F2EFAC = {
						CreatedOnToolsVersion = 15.3;
						TestTargetID = 358C57072BDFDD4400F2EFAC;
					};
				};
			};
			buildConfigurationList = 358C57032BDFDD4400F2EFAC /* Build configuration list for PBXProject "carRacing" */;
			compatibilityVersion = "Xcode 14.0";
			developmentRegion = en;
			hasScannedForEncodings = 0;
			knownRegions = (
				en,
				Base,
			);
			mainGroup = 358C56FF2BDFDD4400F2EFAC;
			productRefGroup = 358C57092BDFDD4400F2EFAC /* Products */;
			projectDirPath = "";
			projectRoot = "";
			targets = (
				358C57072BDFDD4400F2EFAC /* carRacing */,
				358C57172BDFDD4500F2EFAC /* carRacingTests */,
				358C57212BDFDD4500F2EFAC /* carRacingUITests */,
			);
		};
/* End PBXProject section */

/* Begin PBXResourcesBuildPhase section */
		358C57062BDFDD4400F2EFAC /* Resources */ = {
			isa = PBXResourcesBuildPhase;
			buildActionMask = 2147483647;
			files = (
				358C57132BDFDD4500F2EFAC /* Preview Assets.xcassets in Resources */,
				358C57102BDFDD4500F2EFAC /* Assets.xcassets in Resources */,
			);
			runOnlyForDeploymentPostprocessing = 0;
		};
		358C57162BDFDD4500F2EFAC /* Resources */ = {
			isa = PBXResourcesBuildPhase;
			buildActionMask = 2147483647;
			files = (
			);
			runOnlyForDeploymentPostprocessing = 0;
		};
		358C57202BDFDD4500F2EFAC /* Resources */ = {
			isa = PBXResourcesBuildPhase;
			buildActionMask = 2147483647;
			files = (
			);
			runOnlyForDeploymentPostprocessing = 0;
		};
/* End PBXResourcesBuildPhase section */

/* Begin PBXSourcesBuildPhase section */
		358C57042BDFDD4400F2EFAC /* Sources */ = {
			isa = PBXSourcesBuildPhase;
			buildActionMask = 2147483647;
			files = (
				358C573D2BE01DF800F2EFAC /* raceView.swift in Sources */,
				358C57422BE0285700F2EFAC /* cardView.swift in Sources */,
				358C573B2BE0148E00F2EFAC /* garageView.swift in Sources */,
				358C570E2BDFDD4400F2EFAC /* ContentView.swift in Sources */,
				358C570C2BDFDD4400F2EFAC /* carRacingApp.swift in Sources */,
				358C573F2BE024DA00F2EFAC /* assetsModel.swift in Sources */,
				358C57362BDFE44A00F2EFAC /* licenseView.swift in Sources */,
			);
			runOnlyForDeploymentPostprocessing = 0;
		};
		358C57142BDFDD4500F2EFAC /* Sources */ = {
			isa = PBXSourcesBuildPhase;
			buildActionMask = 2147483647;
			files = (
				358C571D2BDFDD4500F2EFAC /* carRacingTests.swift in Sources */,
			);
			runOnlyForDeploymentPostprocessing = 0;
		};
		358C571E2BDFDD4500F2EFAC /* Sources */ = {
			isa = PBXSourcesBuildPhase;
			buildActionMask = 2147483647;
			files = (
				358C57272BDFDD4500F2EFAC /* carRacingUITests.swift in Sources */,
				358C57292BDFDD4500F2EFAC /* carRacingUITestsLaunchTests.swift in Sources */,
			);
			runOnlyForDeploymentPostprocessing = 0;
		};
/* End PBXSourcesBuildPhase section */

/* Begin PBXTargetDependency section */
		358C571A2BDFDD4500F2EFAC /* PBXTargetDependency */ = {
			isa = PBXTargetDependency;
			target = 358C57072BDFDD4400F2EFAC /* carRacing */;
			targetProxy = 358C57192BDFDD4500F2EFAC /* PBXContainerItemProxy */;
		};
		358C57242BDFDD4500F2EFAC /* PBXTargetDependency */ = {
			isa = PBXTargetDependency;
			target = 358C57072BDFDD4400F2EFAC /* carRacing */;
			targetProxy = 358C57232BDFDD4500F2EFAC /* PBXContainerItemProxy */;
		};
/* End PBXTargetDependency section */

/* Begin XCBuildConfiguration section */
		358C572A2BDFDD4500F2EFAC /* Debug */ = {
			isa = XCBuildConfiguration;
			buildSettings = {
				ALWAYS_SEARCH_USER_PATHS = NO;
				ASSETCATALOG_COMPILER_GENERATE_SWIFT_ASSET_SYMBOL_EXTENSIONS = YES;
				CLANG_ANALYZER_NONNULL = YES;
				CLANG_ANALYZER_NUMBER_OBJECT_CONVERSION = YES_AGGRESSIVE;
				CLANG_CXX_LANGUAGE_STANDARD = "gnu++20";
				CLANG_ENABLE_MODULES = YES;
				CLANG_ENABLE_OBJC_ARC = YES;
				CLANG_ENABLE_OBJC_WEAK = YES;
				CLANG_WARN_BLOCK_CAPTURE_AUTORELEASING = YES;
				CLANG_WARN_BOOL_CONVERSION = YES;
				CLANG_WARN_COMMA = YES;
				CLANG_WARN_CONSTANT_CONVERSION = YES;
				CLANG_WARN_DEPRECATED_OBJC_IMPLEMENTATIONS = YES;
				CLANG_WARN_DIRECT_OBJC_ISA_USAGE = YES_ERROR;
				CLANG_WARN_DOCUMENTATION_COMMENTS = YES;
				CLANG_WARN_EMPTY_BODY = YES;
				CLANG_WARN_ENUM_CONVERSION = YES;
				CLANG_WARN_INFINITE_RECURSION = YES;
				CLANG_WARN_INT_CONVERSION = YES;
				CLANG_WARN_NON_LITERAL_NULL_CONVERSION = YES;
				CLANG_WARN_OBJC_IMPLICIT_RETAIN_SELF = YES;
				CLANG_WARN_OBJC_LITERAL_CONVERSION = YES;
				CLANG_WARN_OBJC_ROOT_CLASS = YES_ERROR;
				CLANG_WARN_QUOTED_INCLUDE_IN_FRAMEWORK_HEADER = YES;
				CLANG_WARN_RANGE_LOOP_ANALYSIS = YES;
				CLANG_WARN_STRICT_PROTOTYPES = YES;
				CLANG_WARN_SUSPICIOUS_MOVE = YES;
				CLANG_WARN_UNGUARDED_AVAILABILITY = YES_AGGRESSIVE;
				CLANG_WARN_UNREACHABLE_CODE = YES;
				CLANG_WARN__DUPLICATE_METHOD_MATCH = YES;
				COPY_PHASE_STRIP = NO;
				DEBUG_INFORMATION_FORMAT = dwarf;
				ENABLE_STRICT_OBJC_MSGSEND = YES;
				ENABLE_TESTABILITY = YES;
				ENABLE_USER_SCRIPT_SANDBOXING = YES;
				GCC_C_LANGUAGE_STANDARD = gnu17;
				GCC_DYNAMIC_NO_PIC = NO;
				GCC_NO_COMMON_BLOCKS = YES;
				GCC_OPTIMIZATION_LEVEL = 0;
				GCC_PREPROCESSOR_DEFINITIONS = (
					"DEBUG=1",
					"$(inherited)",
				);
				GCC_WARN_64_TO_32_BIT_CONVERSION = YES;
				GCC_WARN_ABOUT_RETURN_TYPE = YES_ERROR;
				GCC_WARN_UNDECLARED_SELECTOR = YES;
				GCC_WARN_UNINITIALIZED_AUTOS = YES_AGGRESSIVE;
				GCC_WARN_UNUSED_FUNCTION = YES;
				GCC_WARN_UNUSED_VARIABLE = YES;
				IPHONEOS_DEPLOYMENT_TARGET = 17.4;
				LOCALIZATION_PREFERS_STRING_CATALOGS = YES;
				MTL_ENABLE_DEBUG_INFO = INCLUDE_SOURCE;
				MTL_FAST_MATH = YES;
				ONLY_ACTIVE_ARCH = YES;
				SDKROOT = iphoneos;
				SWIFT_ACTIVE_COMPILATION_CONDITIONS = "DEBUG $(inherited)";
				SWIFT_OPTIMIZATION_LEVEL = "-Onone";
			};
			name = Debug;
		};
		358C572B2BDFDD4500F2EFAC /* Release */ = {
			isa = XCBuildConfiguration;
			buildSettings = {
				ALWAYS_SEARCH_USER_PATHS = NO;
				ASSETCATALOG_COMPILER_GENERATE_SWIFT_ASSET_SYMBOL_EXTENSIONS = YES;
				CLANG_ANALYZER_NONNULL = YES;
				CLANG_ANALYZER_NUMBER_OBJECT_CONVERSION = YES_AGGRESSIVE;
				CLANG_CXX_LANGUAGE_STANDARD = "gnu++20";
				CLANG_ENABLE_MODULES = YES;
				CLANG_ENABLE_OBJC_ARC = YES;
				CLANG_ENABLE_OBJC_WEAK = YES;
				CLANG_WARN_BLOCK_CAPTURE_AUTORELEASING = YES;
				CLANG_WARN_BOOL_CONVERSION = YES;
				CLANG_WARN_COMMA = YES;
				CLANG_WARN_CONSTANT_CONVERSION = YES;
				CLANG_WARN_DEPRECATED_OBJC_IMPLEMENTATIONS = YES;
				CLANG_WARN_DIRECT_OBJC_ISA_USAGE = YES_ERROR;
				CLANG_WARN_DOCUMENTATION_COMMENTS = YES;
				CLANG_WARN_EMPTY_BODY = YES;
				CLANG_WARN_ENUM_CONVERSION = YES;
				CLANG_WARN_INFINITE_RECURSION = YES;
				CLANG_WARN_INT_CONVERSION = YES;
				CLANG_WARN_NON_LITERAL_NULL_CONVERSION = YES;
				CLANG_WARN_OBJC_IMPLICIT_RETAIN_SELF = YES;
				CLANG_WARN_OBJC_LITERAL_CONVERSION = YES;
				CLANG_WARN_OBJC_ROOT_CLASS = YES_ERROR;
				CLANG_WARN_QUOTED_INCLUDE_IN_FRAMEWORK_HEADER = YES;
				CLANG_WARN_RANGE_LOOP_ANALYSIS = YES;
				CLANG_WARN_STRICT_PROTOTYPES = YES;
				CLANG_WARN_SUSPICIOUS_MOVE = YES;
				CLANG_WARN_UNGUARDED_AVAILABILITY = YES_AGGRESSIVE;
				CLANG_WARN_UNREACHABLE_CODE = YES;
				CLANG_WARN__DUPLICATE_METHOD_MATCH = YES;
				COPY_PHASE_STRIP = NO;
				DEBUG_INFORMATION_FORMAT = "dwarf-with-dsym";
				ENABLE_NS_ASSERTIONS = NO;
				ENABLE_STRICT_OBJC_MSGSEND = YES;
				ENABLE_USER_SCRIPT_SANDBOXING = YES;
				GCC_C_LANGUAGE_STANDARD = gnu17;
				GCC_NO_COMMON_BLOCKS = YES;
				GCC_WARN_64_TO_32_BIT_CONVERSION = YES;
				GCC_WARN_ABOUT_RETURN_TYPE = YES_ERROR;
				GCC_WARN_UNDECLARED_SELECTOR = YES;
				GCC_WARN_UNINITIALIZED_AUTOS = YES_AGGRESSIVE;
				GCC_WARN_UNUSED_FUNCTION = YES;
				GCC_WARN_UNUSED_VARIABLE = YES;
				IPHONEOS_DEPLOYMENT_TARGET = 17.4;
				LOCALIZATION_PREFERS_STRING_CATALOGS = YES;
				MTL_ENABLE_DEBUG_INFO = NO;
				MTL_FAST_MATH = YES;
				SDKROOT = iphoneos;
				SWIFT_COMPILATION_MODE = wholemodule;
				VALIDATE_PRODUCT = YES;
			};
			name = Release;
		};
		358C572D2BDFDD4500F2EFAC /* Debug */ = {
			isa = XCBuildConfiguration;
			buildSettings = {
				ASSETCATALOG_COMPILER_APPICON_NAME = AppIcon;
				ASSETCATALOG_COMPILER_GLOBAL_ACCENT_COLOR_NAME = AccentColor;
				CODE_SIGN_STYLE = Automatic;
				CURRENT_PROJECT_VERSION = 1;
				DEVELOPMENT_ASSET_PATHS = "\"carRacing/Preview Content\"";
				ENABLE_PREVIEWS = YES;
				GENERATE_INFOPLIST_FILE = YES;
				INFOPLIST_KEY_UIApplicationSceneManifest_Generation = YES;
				INFOPLIST_KEY_UIApplicationSupportsIndirectInputEvents = YES;
				INFOPLIST_KEY_UILaunchScreen_Generation = YES;
				INFOPLIST_KEY_UISupportedInterfaceOrientations_iPad = "UIInterfaceOrientationPortrait UIInterfaceOrientationPortraitUpsideDown UIInterfaceOrientationLandscapeLeft UIInterfaceOrientationLandscapeRight";
				INFOPLIST_KEY_UISupportedInterfaceOrientations_iPhone = "UIInterfaceOrientationPortrait UIInterfaceOrientationLandscapeLeft UIInterfaceOrientationLandscapeRight";
				LD_RUNPATH_SEARCH_PATHS = (
					"$(inherited)",
					"@executable_path/Frameworks",
				);
				MARKETING_VERSION = 1.0;
				PRODUCT_BUNDLE_IDENTIFIER = jen.carRacing;
				PRODUCT_NAME = "$(TARGET_NAME)";
				SWIFT_EMIT_LOC_STRINGS = YES;
				SWIFT_VERSION = 5.0;
				TARGETED_DEVICE_FAMILY = "1,2";
			};
			name = Debug;
		};
		358C572E2BDFDD4500F2EFAC /* Release */ = {
			isa = XCBuildConfiguration;
			buildSettings = {
				ASSETCATALOG_COMPILER_APPICON_NAME = AppIcon;
				ASSETCATALOG_COMPILER_GLOBAL_ACCENT_COLOR_NAME = AccentColor;
				CODE_SIGN_STYLE = Automatic;
				CURRENT_PROJECT_VERSION = 1;
				DEVELOPMENT_ASSET_PATHS = "\"carRacing/Preview Content\"";
				ENABLE_PREVIEWS = YES;
				GENERATE_INFOPLIST_FILE = YES;
				INFOPLIST_KEY_UIApplicationSceneManifest_Generation = YES;
				INFOPLIST_KEY_UIApplicationSupportsIndirectInputEvents = YES;
				INFOPLIST_KEY_UILaunchScreen_Generation = YES;
				INFOPLIST_KEY_UISupportedInterfaceOrientations_iPad = "UIInterfaceOrientationPortrait UIInterfaceOrientationPortraitUpsideDown UIInterfaceOrientationLandscapeLeft UIInterfaceOrientationLandscapeRight";
				INFOPLIST_KEY_UISupportedInterfaceOrientations_iPhone = "UIInterfaceOrientationPortrait UIInterfaceOrientationLandscapeLeft UIInterfaceOrientationLandscapeRight";
				LD_RUNPATH_SEARCH_PATHS = (
					"$(inherited)",
					"@executable_path/Frameworks",
				);
				MARKETING_VERSION = 1.0;
				PRODUCT_BUNDLE_IDENTIFIER = jen.carRacing;
				PRODUCT_NAME = "$(TARGET_NAME)";
				SWIFT_EMIT_LOC_STRINGS = YES;
				SWIFT_VERSION = 5.0;
				TARGETED_DEVICE_FAMILY = "1,2";
			};
			name = Release;
		};
		358C57302BDFDD4500F2EFAC /* Debug */ = {
			isa = XCBuildConfiguration;
			buildSettings = {
				ALWAYS_EMBED_SWIFT_STANDARD_LIBRARIES = YES;
				BUNDLE_LOADER = "$(TEST_HOST)";
				CODE_SIGN_STYLE = Automatic;
				CURRENT_PROJECT_VERSION = 1;
				GENERATE_INFOPLIST_FILE = YES;
				IPHONEOS_DEPLOYMENT_TARGET = 17.4;
				MARKETING_VERSION = 1.0;
				PRODUCT_BUNDLE_IDENTIFIER = jen.carRacingTests;
				PRODUCT_NAME = "$(TARGET_NAME)";
				SWIFT_EMIT_LOC_STRINGS = NO;
				SWIFT_VERSION = 5.0;
				TARGETED_DEVICE_FAMILY = "1,2";
				TEST_HOST = "$(BUILT_PRODUCTS_DIR)/carRacing.app/$(BUNDLE_EXECUTABLE_FOLDER_PATH)/carRacing";
			};
			name = Debug;
		};
		358C57312BDFDD4500F2EFAC /* Release */ = {
			isa = XCBuildConfiguration;
			buildSettings = {
				ALWAYS_EMBED_SWIFT_STANDARD_LIBRARIES = YES;
				BUNDLE_LOADER = "$(TEST_HOST)";
				CODE_SIGN_STYLE = Automatic;
				CURRENT_PROJECT_VERSION = 1;
				GENERATE_INFOPLIST_FILE = YES;
				IPHONEOS_DEPLOYMENT_TARGET = 17.4;
				MARKETING_VERSION = 1.0;
				PRODUCT_BUNDLE_IDENTIFIER = jen.carRacingTests;
				PRODUCT_NAME = "$(TARGET_NAME)";
				SWIFT_EMIT_LOC_STRINGS = NO;
				SWIFT_VERSION = 5.0;
				TARGETED_DEVICE_FAMILY = "1,2";
				TEST_HOST = "$(BUILT_PRODUCTS_DIR)/carRacing.app/$(BUNDLE_EXECUTABLE_FOLDER_PATH)/carRacing";
			};
			name = Release;
		};
		358C57332BDFDD4500F2EFAC /* Debug */ = {
			isa = XCBuildConfiguration;
			buildSettings = {
				ALWAYS_EMBED_SWIFT_STANDARD_LIBRARIES = YES;
				CODE_SIGN_STYLE = Automatic;
				CURRENT_PROJECT_VERSION = 1;
				GENERATE_INFOPLIST_FILE = YES;
				MARKETING_VERSION = 1.0;
				PRODUCT_BUNDLE_IDENTIFIER = jen.carRacingUITests;
				PRODUCT_NAME = "$(TARGET_NAME)";
				SWIFT_EMIT_LOC_STRINGS = NO;
				SWIFT_VERSION = 5.0;
				TARGETED_DEVICE_FAMILY = "1,2";
				TEST_TARGET_NAME = carRacing;
			};
			name = Debug;
		};
		358C57342BDFDD4500F2EFAC /* Release */ = {
			isa = XCBuildConfiguration;
			buildSettings = {
				ALWAYS_EMBED_SWIFT_STANDARD_LIBRARIES = YES;
				CODE_SIGN_STYLE = Automatic;
				CURRENT_PROJECT_VERSION = 1;
				GENERATE_INFOPLIST_FILE = YES;
				MARKETING_VERSION = 1.0;
				PRODUCT_BUNDLE_IDENTIFIER = jen.carRacingUITests;
				PRODUCT_NAME = "$(TARGET_NAME)";
				SWIFT_EMIT_LOC_STRINGS = NO;
				SWIFT_VERSION = 5.0;
				TARGETED_DEVICE_FAMILY = "1,2";
				TEST_TARGET_NAME = carRacing;
			};
			name = Release;
		};
/* End XCBuildConfiguration section */

/* Begin XCConfigurationList section */
		358C57032BDFDD4400F2EFAC /* Build configuration list for PBXProject "carRacing" */ = {
			isa = XCConfigurationList;
			buildConfigurations = (
				358C572A2BDFDD4500F2EFAC /* Debug */,
				358C572B2BDFDD4500F2EFAC /* Release */,
			);
			defaultConfigurationIsVisible = 0;
			defaultConfigurationName = Release;
		};
		358C572C2BDFDD4500F2EFAC /* Build configuration list for PBXNativeTarget "carRacing" */ = {
			isa = XCConfigurationList;
			buildConfigurations = (
				358C572D2BDFDD4500F2EFAC /* Debug */,
				358C572E2BDFDD4500F2EFAC /* Release */,
			);
			defaultConfigurationIsVisible = 0;
			defaultConfigurationName = Release;
		};
		358C572F2BDFDD4500F2EFAC /* Build configuration list for PBXNativeTarget "carRacingTests" */ = {
			isa = XCConfigurationList;
			buildConfigurations = (
				358C57302BDFDD4500F2EFAC /* Debug */,
				358C57312BDFDD4500F2EFAC /* Release */,
			);
			defaultConfigurationIsVisible = 0;
			defaultConfigurationName = Release;
		};
		358C57322BDFDD4500F2EFAC /* Build configuration list for PBXNativeTarget "carRacingUITests" */ = {
			isa = XCConfigurationList;
			buildConfigurations = (
				358C57332BDFDD4500F2EFAC /* Debug */,
				358C57342BDFDD4500F2EFAC /* Release */,
			);
			defaultConfigurationIsVisible = 0;
			defaultConfigurationName = Release;
		};
/* End XCConfigurationList section */
	};
	rootObject = 358C57002BDFDD4400F2EFAC /* Project object */;
}
